
Microsoft Visual Studio Solution File, Format Version 12.00
# Visual Studio Version 17
VisualStudioVersion = 17.3.32929.385
MinimumVisualStudioVersion = 10.0.40219.1
Project("{FAE04EC0-301F-11D3-BF4B-00C04F79EFBC}") = "FizzBuzz2", "FizzBuzz2.csproj", "{013BAAD4-F6CA-4703-ACAA-0653C4F64F9B}"
EndProject
Global
	GlobalSection(SolutionConfigurationPlatforms) = preSolution
		Debug|Any CPU = Debug|Any CPU
		Release|Any CPU = Release|Any CPU
	EndGlobalSection
	GlobalSection(ProjectConfigurationPlatforms) = postSolution
		{013BAAD4-F6CA-4703-ACAA-0653C4F64F9B}.Debug|Any CPU.ActiveCfg = Debug|Any CPU
		{013BAAD4-F6CA-4703-ACAA-0653C4F64F9B}.Debug|Any CPU.Build.0 = Debug|Any CPU
		{013BAAD4-F6CA-4703-ACAA-0653C4F64F9B}.Release|Any CPU.ActiveCfg = Release|Any CPU
		{013BAAD4-F6CA-4703-ACAA-0653C4F64F9B}.Release|Any CPU.Build.0 = Release|Any CPU
	EndGlobalSection
	GlobalSection(SolutionProperties) = preSolution
		HideSolutionNode = FALSE
	EndGlobalSection
	GlobalSection(ExtensibilityGlobals) = postSolution
		SolutionGuid = {759DDD4A-0C07-46BB-AD95-9086DD379538}
	EndGlobalSection
EndGlobal
