
Microsoft Visual Studio Solution File, Format Version 12.00
# Visual Studio Version 17
VisualStudioVersion = 17.3.32929.385
MinimumVisualStudioVersion = 10.0.40219.1
Project("{FAE04EC0-301F-11D3-BF4B-00C04F79EFBC}") = "FizzBuzz", "FizzBuzz.csproj", "{9D326B5C-D2C8-408A-B1DA-4B58C5538E69}"
EndProject
Global
	GlobalSection(SolutionConfigurationPlatforms) = preSolution
		Debug|Any CPU = Debug|Any CPU
		Release|Any CPU = Release|Any CPU
	EndGlobalSection
	GlobalSection(ProjectConfigurationPlatforms) = postSolution
		{9D326B5C-D2C8-408A-B1DA-4B58C5538E69}.Debug|Any CPU.ActiveCfg = Debug|Any CPU
		{9D326B5C-D2C8-408A-B1DA-4B58C5538E69}.Debug|Any CPU.Build.0 = Debug|Any CPU
		{9D326B5C-D2C8-408A-B1DA-4B58C5538E69}.Release|Any CPU.ActiveCfg = Release|Any CPU
		{9D326B5C-D2C8-408A-B1DA-4B58C5538E69}.Release|Any CPU.Build.0 = Release|Any CPU
	EndGlobalSection
	GlobalSection(SolutionProperties) = preSolution
		HideSolutionNode = FALSE
	EndGlobalSection
	GlobalSection(ExtensibilityGlobals) = postSolution
		SolutionGuid = {A976000A-F728-49BC-81FB-4764D08F8777}
	EndGlobalSection
EndGlobal
